{
  "originHash" : "7efad4b958971b496557979d5c5c55444312af426cf3b43bc4be21bfe49cb93d",
  "pins" : [
    {
      "identity" : "kdownloadfileinterop",
      "kind" : "remoteSourceControl",
      "location" : "https://github.com/the-best-is-best/KDownloadFileInterop",
      "state" : {
        "revision" : "e162614d0e5a5e18d72166e6a6c5c8a9cc7fcf2d",
        "version" : "0.2.0-rc3"
      }
    }
  ],
  "version" : 3
}
