{
  "originHash" : "7efad4b958971b496557979d5c5c55444312af426cf3b43bc4be21bfe49cb93d",
  "pins" : [
    {
      "identity" : "kdownloadfileinterop",
      "kind" : "remoteSourceControl",
      "location" : "https://github.com/the-best-is-best/KDownloadFileInterop",
      "state" : {
        "revision" : "1c8d298d05948e4adc6ee386dfca74ab12560f4c",
        "version" : "0.2.0"
      }
    }
  ],
  "version" : 3
}
